
Microsoft Visual Studio Solution File, Format Version 12.00
# Visual Studio Version 16
VisualStudioVersion = 16.0.29411.108
MinimumVisualStudioVersion = 10.0.40219.1
Project("{8BC9CEB8-8B4A-11D0-8D11-00A0C91BC942}") = "Sort", "Sort.vcxproj", "{B5076DD6-BC79-4A40-A08A-EF5EB5225628}"
EndProject
Global
	GlobalSection(SolutionConfigurationPlatforms) = preSolution
		Debug|x64 = Debug|x64
		Release|x64 = Release|x64
	EndGlobalSection
	GlobalSection(ProjectConfigurationPlatforms) = postSolution
		{B5076DD6-BC79-4A40-A08A-EF5EB5225628}.Debug|x64.ActiveCfg = Debug|x64
		{B5076DD6-BC79-4A40-A08A-EF5EB5225628}.Debug|x64.Build.0 = Debug|x64
		{B5076DD6-BC79-4A40-A08A-EF5EB5225628}.Release|x64.ActiveCfg = Release|x64
		{B5076DD6-BC79-4A40-A08A-EF5EB5225628}.Release|x64.Build.0 = Release|x64
	EndGlobalSection
	GlobalSection(SolutionProperties) = preSolution
		HideSolutionNode = FALSE
	EndGlobalSection
	GlobalSection(ExtensibilityGlobals) = postSolution
		SolutionGuid = {094780C7-38F2-4D18-AFA6-C646423C6278}
	EndGlobalSection
EndGlobal
